
Microsoft Visual Studio Solution File, Format Version 12.00
# Visual Studio Version 16
VisualStudioVersion = 16.0.31205.134
MinimumVisualStudioVersion = 10.0.40219.1
Project("{F184B08F-C81C-45F6-A57F-5ABD9991F28F}") = "Atintas", "Atintas.vbproj", "{53303562-74B3-4BA5-8B8C-8C2E22E8113B}"
EndProject
Global
	GlobalSection(SolutionConfigurationPlatforms) = preSolution
		Debug|Any CPU = Debug|Any CPU
		Release|Any CPU = Release|Any CPU
	EndGlobalSection
	GlobalSection(ProjectConfigurationPlatforms) = postSolution
		{53303562-74B3-4BA5-8B8C-8C2E22E8113B}.Debug|Any CPU.ActiveCfg = Debug|Any CPU
		{53303562-74B3-4BA5-8B8C-8C2E22E8113B}.Debug|Any CPU.Build.0 = Debug|Any CPU
		{53303562-74B3-4BA5-8B8C-8C2E22E8113B}.Release|Any CPU.ActiveCfg = Release|Any CPU
		{53303562-74B3-4BA5-8B8C-8C2E22E8113B}.Release|Any CPU.Build.0 = Release|Any CPU
	EndGlobalSection
	GlobalSection(SolutionProperties) = preSolution
		HideSolutionNode = FALSE
	EndGlobalSection
	GlobalSection(ExtensibilityGlobals) = postSolution
		SolutionGuid = {B7CC837D-138F-4E7F-AA7E-9FC05A080687}
	EndGlobalSection
EndGlobal
